
Microsoft Visual Studio Solution File, Format Version 12.00
# Visual Studio Version 16
VisualStudioVersion = 16.0.30709.132
MinimumVisualStudioVersion = 10.0.40219.1
Project("{FAE04EC0-301F-11D3-BF4B-00C04F79EFBC}") = "ForLoops", "ForLoops\ForLoops.csproj", "{4098DC07-AA6A-4F85-B4C1-E62B8B5BC99E}"
EndProject
Global
	GlobalSection(SolutionConfigurationPlatforms) = preSolution
		Debug|Any CPU = Debug|Any CPU
		Release|Any CPU = Release|Any CPU
	EndGlobalSection
	GlobalSection(ProjectConfigurationPlatforms) = postSolution
		{4098DC07-AA6A-4F85-B4C1-E62B8B5BC99E}.Debug|Any CPU.ActiveCfg = Debug|Any CPU
		{4098DC07-AA6A-4F85-B4C1-E62B8B5BC99E}.Debug|Any CPU.Build.0 = Debug|Any CPU
		{4098DC07-AA6A-4F85-B4C1-E62B8B5BC99E}.Release|Any CPU.ActiveCfg = Release|Any CPU
		{4098DC07-AA6A-4F85-B4C1-E62B8B5BC99E}.Release|Any CPU.Build.0 = Release|Any CPU
	EndGlobalSection
	GlobalSection(SolutionProperties) = preSolution
		HideSolutionNode = FALSE
	EndGlobalSection
	GlobalSection(ExtensibilityGlobals) = postSolution
		SolutionGuid = {7E289B28-60AE-4B57-9359-9928BF04F604}
	EndGlobalSection
EndGlobal
